// !$*UTF8*$!
{
	archiveVersion = 1;
	classes = {
	};
	objectVersion = 56;
	objects = {

/* Begin PBXBuildFile section */
		05A54F782A45891300901DE5 /* TaskManagerApp.swift in Sources */ = {isa = PBXBuildFile; fileRef = 05A54F772A45891300901DE5 /* TaskManagerApp.swift */; };
		05A54F7C2A45891800901DE5 /* Assets.xcassets in Resources */ = {isa = PBXBuildFile; fileRef = 05A54F7B2A45891800901DE5 /* Assets.xcassets */; };
		05A54F7F2A45891800901DE5 /* Preview Assets.xcassets in Resources */ = {isa = PBXBuildFile; fileRef = 05A54F7E2A45891800901DE5 /* Preview Assets.xcassets */; };
		05A54F8B2A45894700901DE5 /* Model in Resources */ = {isa = PBXBuildFile; fileRef = 05A54F8A2A45894700901DE5 /* Model */; };
		05A54F902A45895F00901DE5 /* CoreData.swift in Sources */ = {isa = PBXBuildFile; fileRef = 05A54F8D2A45895F00901DE5 /* CoreData.swift */; };
		05A54F912A45895F00901DE5 /* TaskManager.xcdatamodeld in Sources */ = {isa = PBXBuildFile; fileRef = 05A54F8E2A45895F00901DE5 /* TaskManager.xcdatamodeld */; };
		05A54F942A45897200901DE5 /* addItionalFunctionsl.swift in Sources */ = {isa = PBXBuildFile; fileRef = 05A54F932A45897200901DE5 /* addItionalFunctionsl.swift */; };
		05A54F9F2A45897E00901DE5 /* TaskDetailsView.swift in Sources */ = {isa = PBXBuildFile; fileRef = 05A54F962A45897D00901DE5 /* TaskDetailsView.swift */; };
		05A54FA02A45897E00901DE5 /* AddTaskView.swift in Sources */ = {isa = PBXBuildFile; fileRef = 05A54F972A45897D00901DE5 /* AddTaskView.swift */; };
		05A54FA12A45897E00901DE5 /* CompletedTasksView.swift in Sources */ = {isa = PBXBuildFile; fileRef = 05A54F982A45897D00901DE5 /* CompletedTasksView.swift */; };
		05A54FA22A45897E00901DE5 /* AddCategory.swift in Sources */ = {isa = PBXBuildFile; fileRef = 05A54F992A45897D00901DE5 /* AddCategory.swift */; };
		05A54FA32A45897E00901DE5 /* CategoryTasksListView.swift in Sources */ = {isa = PBXBuildFile; fileRef = 05A54F9A2A45897D00901DE5 /* CategoryTasksListView.swift */; };
		05A54FA42A45897E00901DE5 /* CategoriesView.swift in Sources */ = {isa = PBXBuildFile; fileRef = 05A54F9B2A45897D00901DE5 /* CategoriesView.swift */; };
		05A54FA52A45897E00901DE5 /* CategorySelecterView.swift in Sources */ = {isa = PBXBuildFile; fileRef = 05A54F9C2A45897D00901DE5 /* CategorySelecterView.swift */; };
		05A54FA62A45897E00901DE5 /* MainView.swift in Sources */ = {isa = PBXBuildFile; fileRef = 05A54F9D2A45897D00901DE5 /* MainView.swift */; };
		05A54FA72A45897E00901DE5 /* TasksListView.swift in Sources */ = {isa = PBXBuildFile; fileRef = 05A54F9E2A45897D00901DE5 /* TasksListView.swift */; };
		05A54FAB2A45898600901DE5 /* CategoryViewModel.swift in Sources */ = {isa = PBXBuildFile; fileRef = 05A54FA92A45898500901DE5 /* CategoryViewModel.swift */; };
		05A54FAC2A45898600901DE5 /* TaskViewModel.swift in Sources */ = {isa = PBXBuildFile; fileRef = 05A54FAA2A45898500901DE5 /* TaskViewModel.swift */; };
/* End PBXBuildFile section */

/* Begin PBXFileReference section */
		05A54F742A45891300901DE5 /* TaskManager.app */ = {isa = PBXFileReference; explicitFileType = wrapper.application; includeInIndex = 0; path = TaskManager.app; sourceTree = BUILT_PRODUCTS_DIR; };
		05A54F772A45891300901DE5 /* TaskManagerApp.swift */ = {isa = PBXFileReference; lastKnownFileType = sourcecode.swift; path = TaskManagerApp.swift; sourceTree = "<group>"; };
		05A54F7B2A45891800901DE5 /* Assets.xcassets */ = {isa = PBXFileReference; lastKnownFileType = folder.assetcatalog; path = Assets.xcassets; sourceTree = "<group>"; };
		05A54F7E2A45891800901DE5 /* Preview Assets.xcassets */ = {isa = PBXFileReference; lastKnownFileType = folder.assetcatalog; path = "Preview Assets.xcassets"; sourceTree = "<group>"; };
		05A54F8A2A45894700901DE5 /* Model */ = {isa = PBXFileReference; lastKnownFileType = folder; name = Model; path = ../../../ios/Portfolio/new/TaskManager/TaskManager/Model; sourceTree = "<group>"; };
		05A54F8D2A45895F00901DE5 /* CoreData.swift */ = {isa = PBXFileReference; fileEncoding = 4; lastKnownFileType = sourcecode.swift; path = CoreData.swift; sourceTree = "<group>"; };
		05A54F8F2A45895F00901DE5 /* TaskManager.xcdatamodel */ = {isa = PBXFileReference; lastKnownFileType = wrapper.xcdatamodel; path = TaskManager.xcdatamodel; sourceTree = "<group>"; };
		05A54F932A45897200901DE5 /* addItionalFunctionsl.swift */ = {isa = PBXFileReference; fileEncoding = 4; lastKnownFileType = sourcecode.swift; path = addItionalFunctionsl.swift; sourceTree = "<group>"; };
		05A54F962A45897D00901DE5 /* TaskDetailsView.swift */ = {isa = PBXFileReference; fileEncoding = 4; lastKnownFileType = sourcecode.swift; path = TaskDetailsView.swift; sourceTree = "<group>"; };
		05A54F972A45897D00901DE5 /* AddTaskView.swift */ = {isa = PBXFileReference; fileEncoding = 4; lastKnownFileType = sourcecode.swift; path = AddTaskView.swift; sourceTree = "<group>"; };
		05A54F982A45897D00901DE5 /* CompletedTasksView.swift */ = {isa = PBXFileReference; fileEncoding = 4; lastKnownFileType = sourcecode.swift; path = CompletedTasksView.swift; sourceTree = "<group>"; };
		05A54F992A45897D00901DE5 /* AddCategory.swift */ = {isa = PBXFileReference; fileEncoding = 4; lastKnownFileType = sourcecode.swift; path = AddCategory.swift; sourceTree = "<group>"; };
		05A54F9A2A45897D00901DE5 /* CategoryTasksListView.swift */ = {isa = PBXFileReference; fileEncoding = 4; lastKnownFileType = sourcecode.swift; path = CategoryTasksListView.swift; sourceTree = "<group>"; };
		05A54F9B2A45897D00901DE5 /* CategoriesView.swift */ = {isa = PBXFileReference; fileEncoding = 4; lastKnownFileType = sourcecode.swift; path = CategoriesView.swift; sourceTree = "<group>"; };
		05A54F9C2A45897D00901DE5 /* CategorySelecterView.swift */ = {isa = PBXFileReference; fileEncoding = 4; lastKnownFileType = sourcecode.swift; path = CategorySelecterView.swift; sourceTree = "<group>"; };
		05A54F9D2A45897D00901DE5 /* MainView.swift */ = {isa = PBXFileReference; fileEncoding = 4; lastKnownFileType = sourcecode.swift; path = MainView.swift; sourceTree = "<group>"; };
		05A54F9E2A45897D00901DE5 /* TasksListView.swift */ = {isa = PBXFileReference; fileEncoding = 4; lastKnownFileType = sourcecode.swift; path = TasksListView.swift; sourceTree = "<group>"; };
		05A54FA92A45898500901DE5 /* CategoryViewModel.swift */ = {isa = PBXFileReference; fileEncoding = 4; lastKnownFileType = sourcecode.swift; path = CategoryViewModel.swift; sourceTree = "<group>"; };
		05A54FAA2A45898500901DE5 /* TaskViewModel.swift */ = {isa = PBXFileReference; fileEncoding = 4; lastKnownFileType = sourcecode.swift; path = TaskViewModel.swift; sourceTree = "<group>"; };
/* End PBXFileReference section */

/* Begin PBXFrameworksBuildPhase section */
		05A54F712A45891300901DE5 /* Frameworks */ = {
			isa = PBXFrameworksBuildPhase;
			buildActionMask = 2147483647;
			files = (
			);
			runOnlyForDeploymentPostprocessing = 0;
		};
/* End PBXFrameworksBuildPhase section */

/* Begin PBXGroup section */
		05A54F6B2A45891300901DE5 = {
			isa = PBXGroup;
			children = (
				05A54F762A45891300901DE5 /* TaskManager */,
				05A54F752A45891300901DE5 /* Products */,
			);
			sourceTree = "<group>";
		};
		05A54F752A45891300901DE5 /* Products */ = {
			isa = PBXGroup;
			children = (
				05A54F742A45891300901DE5 /* TaskManager.app */,
			);
			name = Products;
			sourceTree = "<group>";
		};
		05A54F762A45891300901DE5 /* TaskManager */ = {
			isa = PBXGroup;
			children = (
				05A54F772A45891300901DE5 /* TaskManagerApp.swift */,
				05A54F922A45897200901DE5 /* Additionals */,
				05A54F8C2A45895F00901DE5 /* Model */,
				05A54F952A45897D00901DE5 /* Views */,
				05A54FA82A45898500901DE5 /* ViewModel */,
				05A54F7B2A45891800901DE5 /* Assets.xcassets */,
				05A54F7D2A45891800901DE5 /* Preview Content */,
			);
			path = TaskManager;
			sourceTree = "<group>";
		};
		05A54F7D2A45891800901DE5 /* Preview Content */ = {
			isa = PBXGroup;
			children = (
				05A54F8A2A45894700901DE5 /* Model */,
				05A54F7E2A45891800901DE5 /* Preview Assets.xcassets */,
			);
			path = "Preview Content";
			sourceTree = "<group>";
		};
		05A54F8C2A45895F00901DE5 /* Model */ = {
			isa = PBXGroup;
			children = (
				05A54F8D2A45895F00901DE5 /* CoreData.swift */,
				05A54F8E2A45895F00901DE5 /* TaskManager.xcdatamodeld */,
			);
			path = Model;
			sourceTree = "<group>";
		};
		05A54F922A45897200901DE5 /* Additionals */ = {
			isa = PBXGroup;
			children = (
				05A54F932A45897200901DE5 /* addItionalFunctionsl.swift */,
			);
			path = Additionals;
			sourceTree = "<group>";
		};
		05A54F952A45897D00901DE5 /* Views */ = {
			isa = PBXGroup;
			children = (
				05A54F962A45897D00901DE5 /* TaskDetailsView.swift */,
				05A54F972A45897D00901DE5 /* AddTaskView.swift */,
				05A54F982A45897D00901DE5 /* CompletedTasksView.swift */,
				05A54F992A45897D00901DE5 /* AddCategory.swift */,
				05A54F9A2A45897D00901DE5 /* CategoryTasksListView.swift */,
				05A54F9B2A45897D00901DE5 /* CategoriesView.swift */,
				05A54F9C2A45897D00901DE5 /* CategorySelecterView.swift */,
				05A54F9D2A45897D00901DE5 /* MainView.swift */,
				05A54F9E2A45897D00901DE5 /* TasksListView.swift */,
			);
			path = Views;
			sourceTree = "<group>";
		};
		05A54FA82A45898500901DE5 /* ViewModel */ = {
			isa = PBXGroup;
			children = (
				05A54FA92A45898500901DE5 /* CategoryViewModel.swift */,
				05A54FAA2A45898500901DE5 /* TaskViewModel.swift */,
			);
			path = ViewModel;
			sourceTree = "<group>";
		};
/* End PBXGroup section */

/* Begin PBXNativeTarget section */
		05A54F732A45891300901DE5 /* TaskManager */ = {
			isa = PBXNativeTarget;
			buildConfigurationList = 05A54F872A45891800901DE5 /* Build configuration list for PBXNativeTarget "TaskManager" */;
			buildPhases = (
				05A54F702A45891300901DE5 /* Sources */,
				05A54F712A45891300901DE5 /* Frameworks */,
				05A54F722A45891300901DE5 /* Resources */,
			);
			buildRules = (
			);
			dependencies = (
			);
			name = TaskManager;
			productName = TaskManager;
			productReference = 05A54F742A45891300901DE5 /* TaskManager.app */;
			productType = "com.apple.product-type.application";
		};
/* End PBXNativeTarget section */

/* Begin PBXProject section */
		05A54F6C2A45891300901DE5 /* Project object */ = {
			isa = PBXProject;
			attributes = {
				BuildIndependentTargetsInParallel = 1;
				LastSwiftUpdateCheck = 1420;
				LastUpgradeCheck = 1420;
				TargetAttributes = {
					05A54F732A45891300901DE5 = {
						CreatedOnToolsVersion = 14.2;
					};
				};
			};
			buildConfigurationList = 05A54F6F2A45891300901DE5 /* Build configuration list for PBXProject "TaskManager" */;
			compatibilityVersion = "Xcode 14.0";
			developmentRegion = en;
			hasScannedForEncodings = 0;
			knownRegions = (
				en,
				Base,
			);
			mainGroup = 05A54F6B2A45891300901DE5;
			productRefGroup = 05A54F752A45891300901DE5 /* Products */;
			projectDirPath = "";
			projectRoot = "";
			targets = (
				05A54F732A45891300901DE5 /* TaskManager */,
			);
		};
/* End PBXProject section */

/* Begin PBXResourcesBuildPhase section */
		05A54F722A45891300901DE5 /* Resources */ = {
			isa = PBXResourcesBuildPhase;
			buildActionMask = 2147483647;
			files = (
				05A54F8B2A45894700901DE5 /* Model in Resources */,
				05A54F7F2A45891800901DE5 /* Preview Assets.xcassets in Resources */,
				05A54F7C2A45891800901DE5 /* Assets.xcassets in Resources */,
			);
			runOnlyForDeploymentPostprocessing = 0;
		};
/* End PBXResourcesBuildPhase section */

/* Begin PBXSourcesBuildPhase section */
		05A54F702A45891300901DE5 /* Sources */ = {
			isa = PBXSourcesBuildPhase;
			buildActionMask = 2147483647;
			files = (
				05A54F912A45895F00901DE5 /* TaskManager.xcdatamodeld in Sources */,
				05A54FA12A45897E00901DE5 /* CompletedTasksView.swift in Sources */,
				05A54FA02A45897E00901DE5 /* AddTaskView.swift in Sources */,
				05A54FA52A45897E00901DE5 /* CategorySelecterView.swift in Sources */,
				05A54FA32A45897E00901DE5 /* CategoryTasksListView.swift in Sources */,
				05A54FAC2A45898600901DE5 /* TaskViewModel.swift in Sources */,
				05A54FA42A45897E00901DE5 /* CategoriesView.swift in Sources */,
				05A54FAB2A45898600901DE5 /* CategoryViewModel.swift in Sources */,
				05A54F9F2A45897E00901DE5 /* TaskDetailsView.swift in Sources */,
				05A54F942A45897200901DE5 /* addItionalFunctionsl.swift in Sources */,
				05A54FA72A45897E00901DE5 /* TasksListView.swift in Sources */,
				05A54FA22A45897E00901DE5 /* AddCategory.swift in Sources */,
				05A54F782A45891300901DE5 /* TaskManagerApp.swift in Sources */,
				05A54FA62A45897E00901DE5 /* MainView.swift in Sources */,
				05A54F902A45895F00901DE5 /* CoreData.swift in Sources */,
			);
			runOnlyForDeploymentPostprocessing = 0;
		};
/* End PBXSourcesBuildPhase section */

/* Begin XCBuildConfiguration section */
		05A54F852A45891800901DE5 /* Debug */ = {
			isa = XCBuildConfiguration;
			buildSettings = {
				ALWAYS_SEARCH_USER_PATHS = NO;
				CLANG_ANALYZER_NONNULL = YES;
				CLANG_ANALYZER_NUMBER_OBJECT_CONVERSION = YES_AGGRESSIVE;
				CLANG_CXX_LANGUAGE_STANDARD = "gnu++20";
				CLANG_ENABLE_MODULES = YES;
				CLANG_ENABLE_OBJC_ARC = YES;
				CLANG_ENABLE_OBJC_WEAK = YES;
				CLANG_WARN_BLOCK_CAPTURE_AUTORELEASING = YES;
				CLANG_WARN_BOOL_CONVERSION = YES;
				CLANG_WARN_COMMA = YES;
				CLANG_WARN_CONSTANT_CONVERSION = YES;
				CLANG_WARN_DEPRECATED_OBJC_IMPLEMENTATIONS = YES;
				CLANG_WARN_DIRECT_OBJC_ISA_USAGE = YES_ERROR;
				CLANG_WARN_DOCUMENTATION_COMMENTS = YES;
				CLANG_WARN_EMPTY_BODY = YES;
				CLANG_WARN_ENUM_CONVERSION = YES;
				CLANG_WARN_INFINITE_RECURSION = YES;
				CLANG_WARN_INT_CONVERSION = YES;
				CLANG_WARN_NON_LITERAL_NULL_CONVERSION = YES;
				CLANG_WARN_OBJC_IMPLICIT_RETAIN_SELF = YES;
				CLANG_WARN_OBJC_LITERAL_CONVERSION = YES;
				CLANG_WARN_OBJC_ROOT_CLASS = YES_ERROR;
				CLANG_WARN_QUOTED_INCLUDE_IN_FRAMEWORK_HEADER = YES;
				CLANG_WARN_RANGE_LOOP_ANALYSIS = YES;
				CLANG_WARN_STRICT_PROTOTYPES = YES;
				CLANG_WARN_SUSPICIOUS_MOVE = YES;
				CLANG_WARN_UNGUARDED_AVAILABILITY = YES_AGGRESSIVE;
				CLANG_WARN_UNREACHABLE_CODE = YES;
				CLANG_WARN__DUPLICATE_METHOD_MATCH = YES;
				COPY_PHASE_STRIP = NO;
				DEBUG_INFORMATION_FORMAT = dwarf;
				ENABLE_STRICT_OBJC_MSGSEND = YES;
				ENABLE_TESTABILITY = YES;
				GCC_C_LANGUAGE_STANDARD = gnu11;
				GCC_DYNAMIC_NO_PIC = NO;
				GCC_NO_COMMON_BLOCKS = YES;
				GCC_OPTIMIZATION_LEVEL = 0;
				GCC_PREPROCESSOR_DEFINITIONS = (
					"DEBUG=1",
					"$(inherited)",
				);
				GCC_WARN_64_TO_32_BIT_CONVERSION = YES;
				GCC_WARN_ABOUT_RETURN_TYPE = YES_ERROR;
				GCC_WARN_UNDECLARED_SELECTOR = YES;
				GCC_WARN_UNINITIALIZED_AUTOS = YES_AGGRESSIVE;
				GCC_WARN_UNUSED_FUNCTION = YES;
				GCC_WARN_UNUSED_VARIABLE = YES;
				IPHONEOS_DEPLOYMENT_TARGET = 16.2;
				MTL_ENABLE_DEBUG_INFO = INCLUDE_SOURCE;
				MTL_FAST_MATH = YES;
				ONLY_ACTIVE_ARCH = YES;
				SDKROOT = iphoneos;
				SWIFT_ACTIVE_COMPILATION_CONDITIONS = DEBUG;
				SWIFT_OPTIMIZATION_LEVEL = "-Onone";
			};
			name = Debug;
		};
		05A54F862A45891800901DE5 /* Release */ = {
			isa = XCBuildConfiguration;
			buildSettings = {
				ALWAYS_SEARCH_USER_PATHS = NO;
				CLANG_ANALYZER_NONNULL = YES;
				CLANG_ANALYZER_NUMBER_OBJECT_CONVERSION = YES_AGGRESSIVE;
				CLANG_CXX_LANGUAGE_STANDARD = "gnu++20";
				CLANG_ENABLE_MODULES = YES;
				CLANG_ENABLE_OBJC_ARC = YES;
				CLANG_ENABLE_OBJC_WEAK = YES;
				CLANG_WARN_BLOCK_CAPTURE_AUTORELEASING = YES;
				CLANG_WARN_BOOL_CONVERSION = YES;
				CLANG_WARN_COMMA = YES;
				CLANG_WARN_CONSTANT_CONVERSION = YES;
				CLANG_WARN_DEPRECATED_OBJC_IMPLEMENTATIONS = YES;
				CLANG_WARN_DIRECT_OBJC_ISA_USAGE = YES_ERROR;
				CLANG_WARN_DOCUMENTATION_COMMENTS = YES;
				CLANG_WARN_EMPTY_BODY = YES;
				CLANG_WARN_ENUM_CONVERSION = YES;
				CLANG_WARN_INFINITE_RECURSION = YES;
				CLANG_WARN_INT_CONVERSION = YES;
				CLANG_WARN_NON_LITERAL_NULL_CONVERSION = YES;
				CLANG_WARN_OBJC_IMPLICIT_RETAIN_SELF = YES;
				CLANG_WARN_OBJC_LITERAL_CONVERSION = YES;
				CLANG_WARN_OBJC_ROOT_CLASS = YES_ERROR;
				CLANG_WARN_QUOTED_INCLUDE_IN_FRAMEWORK_HEADER = YES;
				CLANG_WARN_RANGE_LOOP_ANALYSIS = YES;
				CLANG_WARN_STRICT_PROTOTYPES = YES;
				CLANG_WARN_SUSPICIOUS_MOVE = YES;
				CLANG_WARN_UNGUARDED_AVAILABILITY = YES_AGGRESSIVE;
				CLANG_WARN_UNREACHABLE_CODE = YES;
				CLANG_WARN__DUPLICATE_METHOD_MATCH = YES;
				COPY_PHASE_STRIP = NO;
				DEBUG_INFORMATION_FORMAT = "dwarf-with-dsym";
				ENABLE_NS_ASSERTIONS = NO;
				ENABLE_STRICT_OBJC_MSGSEND = YES;
				GCC_C_LANGUAGE_STANDARD = gnu11;
				GCC_NO_COMMON_BLOCKS = YES;
				GCC_WARN_64_TO_32_BIT_CONVERSION = YES;
				GCC_WARN_ABOUT_RETURN_TYPE = YES_ERROR;
				GCC_WARN_UNDECLARED_SELECTOR = YES;
				GCC_WARN_UNINITIALIZED_AUTOS = YES_AGGRESSIVE;
				GCC_WARN_UNUSED_FUNCTION = YES;
				GCC_WARN_UNUSED_VARIABLE = YES;
				IPHONEOS_DEPLOYMENT_TARGET = 16.2;
				MTL_ENABLE_DEBUG_INFO = NO;
				MTL_FAST_MATH = YES;
				SDKROOT = iphoneos;
				SWIFT_COMPILATION_MODE = wholemodule;
				SWIFT_OPTIMIZATION_LEVEL = "-O";
				VALIDATE_PRODUCT = YES;
			};
			name = Release;
		};
		05A54F882A45891800901DE5 /* Debug */ = {
			isa = XCBuildConfiguration;
			buildSettings = {
				ASSETCATALOG_COMPILER_APPICON_NAME = AppIcon;
				ASSETCATALOG_COMPILER_GLOBAL_ACCENT_COLOR_NAME = AccentColor;
				CODE_SIGN_STYLE = Automatic;
				CURRENT_PROJECT_VERSION = 1;
				DEVELOPMENT_ASSET_PATHS = "\"TaskManager/Preview Content\"";
				ENABLE_PREVIEWS = YES;
				GENERATE_INFOPLIST_FILE = YES;
				INFOPLIST_KEY_UIApplicationSceneManifest_Generation = YES;
				INFOPLIST_KEY_UIApplicationSupportsIndirectInputEvents = YES;
				INFOPLIST_KEY_UILaunchScreen_Generation = YES;
				INFOPLIST_KEY_UISupportedInterfaceOrientations_iPad = "UIInterfaceOrientationPortrait UIInterfaceOrientationPortraitUpsideDown UIInterfaceOrientationLandscapeLeft UIInterfaceOrientationLandscapeRight";
				INFOPLIST_KEY_UISupportedInterfaceOrientations_iPhone = "UIInterfaceOrientationPortrait UIInterfaceOrientationLandscapeLeft UIInterfaceOrientationLandscapeRight";
				LD_RUNPATH_SEARCH_PATHS = (
					"$(inherited)",
					"@executable_path/Frameworks",
				);
				MARKETING_VERSION = 1.0;
				PRODUCT_BUNDLE_IDENTIFIER = "com.goqor-393.TaskManager";
				PRODUCT_NAME = "$(TARGET_NAME)";
				SWIFT_EMIT_LOC_STRINGS = YES;
				SWIFT_VERSION = 5.0;
				TARGETED_DEVICE_FAMILY = "1,2";
			};
			name = Debug;
		};
		05A54F892A45891800901DE5 /* Release */ = {
			isa = XCBuildConfiguration;
			buildSettings = {
				ASSETCATALOG_COMPILER_APPICON_NAME = AppIcon;
				ASSETCATALOG_COMPILER_GLOBAL_ACCENT_COLOR_NAME = AccentColor;
				CODE_SIGN_STYLE = Automatic;
				CURRENT_PROJECT_VERSION = 1;
				DEVELOPMENT_ASSET_PATHS = "\"TaskManager/Preview Content\"";
				ENABLE_PREVIEWS = YES;
				GENERATE_INFOPLIST_FILE = YES;
				INFOPLIST_KEY_UIApplicationSceneManifest_Generation = YES;
				INFOPLIST_KEY_UIApplicationSupportsIndirectInputEvents = YES;
				INFOPLIST_KEY_UILaunchScreen_Generation = YES;
				INFOPLIST_KEY_UISupportedInterfaceOrientations_iPad = "UIInterfaceOrientationPortrait UIInterfaceOrientationPortraitUpsideDown UIInterfaceOrientationLandscapeLeft UIInterfaceOrientationLandscapeRight";
				INFOPLIST_KEY_UISupportedInterfaceOrientations_iPhone = "UIInterfaceOrientationPortrait UIInterfaceOrientationLandscapeLeft UIInterfaceOrientationLandscapeRight";
				LD_RUNPATH_SEARCH_PATHS = (
					"$(inherited)",
					"@executable_path/Frameworks",
				);
				MARKETING_VERSION = 1.0;
				PRODUCT_BUNDLE_IDENTIFIER = "com.goqor-393.TaskManager";
				PRODUCT_NAME = "$(TARGET_NAME)";
				SWIFT_EMIT_LOC_STRINGS = YES;
				SWIFT_VERSION = 5.0;
				TARGETED_DEVICE_FAMILY = "1,2";
			};
			name = Release;
		};
/* End XCBuildConfiguration section */

/* Begin XCConfigurationList section */
		05A54F6F2A45891300901DE5 /* Build configuration list for PBXProject "TaskManager" */ = {
			isa = XCConfigurationList;
			buildConfigurations = (
				05A54F852A45891800901DE5 /* Debug */,
				05A54F862A45891800901DE5 /* Release */,
			);
			defaultConfigurationIsVisible = 0;
			defaultConfigurationName = Release;
		};
		05A54F872A45891800901DE5 /* Build configuration list for PBXNativeTarget "TaskManager" */ = {
			isa = XCConfigurationList;
			buildConfigurations = (
				05A54F882A45891800901DE5 /* Debug */,
				05A54F892A45891800901DE5 /* Release */,
			);
			defaultConfigurationIsVisible = 0;
			defaultConfigurationName = Release;
		};
/* End XCConfigurationList section */

/* Begin XCVersionGroup section */
		05A54F8E2A45895F00901DE5 /* TaskManager.xcdatamodeld */ = {
			isa = XCVersionGroup;
			children = (
				05A54F8F2A45895F00901DE5 /* TaskManager.xcdatamodel */,
			);
			currentVersion = 05A54F8F2A45895F00901DE5 /* TaskManager.xcdatamodel */;
			path = TaskManager.xcdatamodeld;
			sourceTree = "<group>";
			versionGroupType = wrapper.xcdatamodel;
		};
/* End XCVersionGroup section */
	};
	rootObject = 05A54F6C2A45891300901DE5 /* Project object */;
}
